
Microsoft Visual Studio Solution File, Format Version 12.00
Project("{2150E333-8FDC-42A3-9474-1A3956D46DE8}") = "src", "src", "{A77A1332-3861-4BD0-ACBA-79B021CDA79E}"
EndProject
Project("{2150E333-8FDC-42A3-9474-1A3956D46DE8}") = "examples", "examples", "{7F98F47A-BE2A-4BD1-9BC4-29B063AD251F}"
EndProject
Project("{FAE04EC0-301F-11D3-BF4B-00C04F79EFBC}") = "EchoBotProject", "examples\EchoBotProject\EchoBotProject.csproj", "{D30A25AA-56E5-410D-B9D3-CA6368979196}"
EndProject
Project("{FAE04EC0-301F-11D3-BF4B-00C04F79EFBC}") = "EchoBotWebExample", "examples\EchoBotWebExample\EchoBotWebExample.csproj", "{787E1567-BB69-49ED-A327-4B3B0D324C56}"
EndProject
Project("{FAE04EC0-301F-11D3-BF4B-00C04F79EFBC}") = "echoBotConsoleExample", "examples\echoBotConsoleExample\echoBotConsoleExample.csproj", "{4F8E580D-08D2-432E-B4BB-73BC8BAE5EA0}"
EndProject
Project("{FAE04EC0-301F-11D3-BF4B-00C04F79EFBC}") = "TgBotFramework", "src\TgBotFramework\TgBotFramework.csproj", "{6426107F-841C-4C88-8362-5943D236ECD0}"
EndProject
Project("{2150E333-8FDC-42A3-9474-1A3956D46DE8}") = "tests", "tests", "{776043B3-7004-44CF-8863-5E66483DEE67}"
EndProject
Project("{FAE04EC0-301F-11D3-BF4B-00C04F79EFBC}") = "WebhookExample", "examples\WebhookExample\WebhookExample.csproj", "{EF66567C-9A7B-42C5-82F4-CC03C982BC8F}"
EndProject
Project("{FAE04EC0-301F-11D3-BF4B-00C04F79EFBC}") = "Bandersnatch", "examples\Bandersnatch\Bandersnatch.csproj", "{FAD9DD06-0364-414F-9393-CCC0348D3BD5}"
EndProject
Project("{FAE04EC0-301F-11D3-BF4B-00C04F79EFBC}") = "CommonHandlers", "examples\CommonHandlers\CommonHandlers.csproj", "{8B307934-FC63-46F7-9BCC-04CFC98B4224}"
EndProject
Project("{FAE04EC0-301F-11D3-BF4B-00C04F79EFBC}") = "EfDatabaseManagement", "examples\EfDatabaseManagement\EfDatabaseManagement.csproj", "{4C55602A-D71C-4D58-8B8C-C737AACD546A}"
EndProject
Project("{FAE04EC0-301F-11D3-BF4B-00C04F79EFBC}") = "TgBotFramework.Data.EF", "src\TgBotFramework.Data.EF\TgBotFramework.Data.EF.csproj", "{6EBFB694-F840-4C3F-85CB-51C6E1C7BFCD}"
EndProject
Project("{FAE04EC0-301F-11D3-BF4B-00C04F79EFBC}") = "TgBotFramework.Tests", "tests\TgBotFramework.Tests\TgBotFramework.Tests.csproj", "{78EF4F24-0C57-4B06-AFE4-F5A53C335D44}"
EndProject
Global
	GlobalSection(SolutionConfigurationPlatforms) = preSolution
		Debug|Any CPU = Debug|Any CPU
		Release|Any CPU = Release|Any CPU
	EndGlobalSection
	GlobalSection(NestedProjects) = preSolution
		{D30A25AA-56E5-410D-B9D3-CA6368979196} = {7F98F47A-BE2A-4BD1-9BC4-29B063AD251F}
		{787E1567-BB69-49ED-A327-4B3B0D324C56} = {7F98F47A-BE2A-4BD1-9BC4-29B063AD251F}
		{4F8E580D-08D2-432E-B4BB-73BC8BAE5EA0} = {7F98F47A-BE2A-4BD1-9BC4-29B063AD251F}
		{6426107F-841C-4C88-8362-5943D236ECD0} = {A77A1332-3861-4BD0-ACBA-79B021CDA79E}
		{EF66567C-9A7B-42C5-82F4-CC03C982BC8F} = {7F98F47A-BE2A-4BD1-9BC4-29B063AD251F}
		{FAD9DD06-0364-414F-9393-CCC0348D3BD5} = {7F98F47A-BE2A-4BD1-9BC4-29B063AD251F}
		{8B307934-FC63-46F7-9BCC-04CFC98B4224} = {7F98F47A-BE2A-4BD1-9BC4-29B063AD251F}
		{4C55602A-D71C-4D58-8B8C-C737AACD546A} = {7F98F47A-BE2A-4BD1-9BC4-29B063AD251F}
		{6EBFB694-F840-4C3F-85CB-51C6E1C7BFCD} = {A77A1332-3861-4BD0-ACBA-79B021CDA79E}
		{78EF4F24-0C57-4B06-AFE4-F5A53C335D44} = {776043B3-7004-44CF-8863-5E66483DEE67}
	EndGlobalSection
	GlobalSection(ProjectConfigurationPlatforms) = postSolution
		{D30A25AA-56E5-410D-B9D3-CA6368979196}.Debug|Any CPU.ActiveCfg = Debug|Any CPU
		{D30A25AA-56E5-410D-B9D3-CA6368979196}.Debug|Any CPU.Build.0 = Debug|Any CPU
		{D30A25AA-56E5-410D-B9D3-CA6368979196}.Release|Any CPU.ActiveCfg = Release|Any CPU
		{D30A25AA-56E5-410D-B9D3-CA6368979196}.Release|Any CPU.Build.0 = Release|Any CPU
		{787E1567-BB69-49ED-A327-4B3B0D324C56}.Debug|Any CPU.ActiveCfg = Debug|Any CPU
		{787E1567-BB69-49ED-A327-4B3B0D324C56}.Debug|Any CPU.Build.0 = Debug|Any CPU
		{787E1567-BB69-49ED-A327-4B3B0D324C56}.Release|Any CPU.ActiveCfg = Release|Any CPU
		{787E1567-BB69-49ED-A327-4B3B0D324C56}.Release|Any CPU.Build.0 = Release|Any CPU
		{4F8E580D-08D2-432E-B4BB-73BC8BAE5EA0}.Debug|Any CPU.ActiveCfg = Debug|Any CPU
		{4F8E580D-08D2-432E-B4BB-73BC8BAE5EA0}.Debug|Any CPU.Build.0 = Debug|Any CPU
		{4F8E580D-08D2-432E-B4BB-73BC8BAE5EA0}.Release|Any CPU.ActiveCfg = Release|Any CPU
		{4F8E580D-08D2-432E-B4BB-73BC8BAE5EA0}.Release|Any CPU.Build.0 = Release|Any CPU
		{6426107F-841C-4C88-8362-5943D236ECD0}.Debug|Any CPU.ActiveCfg = Debug|Any CPU
		{6426107F-841C-4C88-8362-5943D236ECD0}.Debug|Any CPU.Build.0 = Debug|Any CPU
		{6426107F-841C-4C88-8362-5943D236ECD0}.Release|Any CPU.ActiveCfg = Release|Any CPU
		{6426107F-841C-4C88-8362-5943D236ECD0}.Release|Any CPU.Build.0 = Release|Any CPU
		{EF66567C-9A7B-42C5-82F4-CC03C982BC8F}.Debug|Any CPU.ActiveCfg = Debug|Any CPU
		{EF66567C-9A7B-42C5-82F4-CC03C982BC8F}.Debug|Any CPU.Build.0 = Debug|Any CPU
		{EF66567C-9A7B-42C5-82F4-CC03C982BC8F}.Release|Any CPU.ActiveCfg = Release|Any CPU
		{EF66567C-9A7B-42C5-82F4-CC03C982BC8F}.Release|Any CPU.Build.0 = Release|Any CPU
		{FAD9DD06-0364-414F-9393-CCC0348D3BD5}.Debug|Any CPU.ActiveCfg = Debug|Any CPU
		{FAD9DD06-0364-414F-9393-CCC0348D3BD5}.Debug|Any CPU.Build.0 = Debug|Any CPU
		{FAD9DD06-0364-414F-9393-CCC0348D3BD5}.Release|Any CPU.ActiveCfg = Release|Any CPU
		{FAD9DD06-0364-414F-9393-CCC0348D3BD5}.Release|Any CPU.Build.0 = Release|Any CPU
		{8B307934-FC63-46F7-9BCC-04CFC98B4224}.Debug|Any CPU.ActiveCfg = Debug|Any CPU
		{8B307934-FC63-46F7-9BCC-04CFC98B4224}.Debug|Any CPU.Build.0 = Debug|Any CPU
		{8B307934-FC63-46F7-9BCC-04CFC98B4224}.Release|Any CPU.ActiveCfg = Release|Any CPU
		{8B307934-FC63-46F7-9BCC-04CFC98B4224}.Release|Any CPU.Build.0 = Release|Any CPU
		{4C55602A-D71C-4D58-8B8C-C737AACD546A}.Debug|Any CPU.ActiveCfg = Debug|Any CPU
		{4C55602A-D71C-4D58-8B8C-C737AACD546A}.Debug|Any CPU.Build.0 = Debug|Any CPU
		{4C55602A-D71C-4D58-8B8C-C737AACD546A}.Release|Any CPU.ActiveCfg = Release|Any CPU
		{4C55602A-D71C-4D58-8B8C-C737AACD546A}.Release|Any CPU.Build.0 = Release|Any CPU
		{6EBFB694-F840-4C3F-85CB-51C6E1C7BFCD}.Debug|Any CPU.ActiveCfg = Debug|Any CPU
		{6EBFB694-F840-4C3F-85CB-51C6E1C7BFCD}.Debug|Any CPU.Build.0 = Debug|Any CPU
		{6EBFB694-F840-4C3F-85CB-51C6E1C7BFCD}.Release|Any CPU.ActiveCfg = Release|Any CPU
		{6EBFB694-F840-4C3F-85CB-51C6E1C7BFCD}.Release|Any CPU.Build.0 = Release|Any CPU
		{78EF4F24-0C57-4B06-AFE4-F5A53C335D44}.Debug|Any CPU.ActiveCfg = Debug|Any CPU
		{78EF4F24-0C57-4B06-AFE4-F5A53C335D44}.Debug|Any CPU.Build.0 = Debug|Any CPU
		{78EF4F24-0C57-4B06-AFE4-F5A53C335D44}.Release|Any CPU.ActiveCfg = Release|Any CPU
		{78EF4F24-0C57-4B06-AFE4-F5A53C335D44}.Release|Any CPU.Build.0 = Release|Any CPU
	EndGlobalSection
EndGlobal
